// !$*UTF8*$!
{
	archiveVersion = 1;
	classes = {
	};
	objectVersion = 46;
	objects = {

/* Begin PBXBuildFile section */
		F06BE36D1EAA674900E4DF9D /* main.m in Sources */ = {isa = PBXBuildFile; fileRef = F06BE36C1EAA674900E4DF9D /* main.m */; };
		F06BE3701EAA674900E4DF9D /* AppDelegate.m in Sources */ = {isa = PBXBuildFile; fileRef = F06BE36F1EAA674900E4DF9D /* AppDelegate.m */; };
		F06BE3761EAA674900E4DF9D /* Main.storyboard in Resources */ = {isa = PBXBuildFile; fileRef = F06BE3741EAA674900E4DF9D /* Main.storyboard */; };
		F06BE3781EAA674900E4DF9D /* Assets.xcassets in Resources */ = {isa = PBXBuildFile; fileRef = F06BE3771EAA674900E4DF9D /* Assets.xcassets */; };
		F06BE37B1EAA674900E4DF9D /* LaunchScreen.storyboard in Resources */ = {isa = PBXBuildFile; fileRef = F06BE3791EAA674900E4DF9D /* LaunchScreen.storyboard */; };
		F06BE3871EAA67B900E4DF9D /* LSLoginViewController.m in Sources */ = {isa = PBXBuildFile; fileRef = F06BE3861EAA67B900E4DF9D /* LSLoginViewController.m */; };
		F06BE38D1EAA694000E4DF9D /* LSOptionsViewController.m in Sources */ = {isa = PBXBuildFile; fileRef = F06BE38C1EAA694000E4DF9D /* LSOptionsViewController.m */; };
		F06BE3901EAA6B7800E4DF9D /* LSUser.m in Sources */ = {isa = PBXBuildFile; fileRef = F06BE38F1EAA6B7800E4DF9D /* LSUser.m */; };
		F06BE3931EAA6BB300E4DF9D /* LSGame.m in Sources */ = {isa = PBXBuildFile; fileRef = F06BE3921EAA6BB300E4DF9D /* LSGame.m */; };
		F06BE3961EAA6BF300E4DF9D /* LSResult.m in Sources */ = {isa = PBXBuildFile; fileRef = F06BE3951EAA6BF300E4DF9D /* LSResult.m */; };
		F06BE3991EAA6E5C00E4DF9D /* LSTile.m in Sources */ = {isa = PBXBuildFile; fileRef = F06BE3981EAA6E5C00E4DF9D /* LSTile.m */; };
		F06BE39C1EAA730200E4DF9D /* LSDataProvider.m in Sources */ = {isa = PBXBuildFile; fileRef = F06BE39B1EAA730200E4DF9D /* LSDataProvider.m */; };
		F06BE3A01EAA7C2D00E4DF9D /* LSButtonTableViewCell.m in Sources */ = {isa = PBXBuildFile; fileRef = F06BE39F1EAA7C2D00E4DF9D /* LSButtonTableViewCell.m */; };
		F06BE3C71EB3A31200E4DF9D /* LSGameViewController.m in Sources */ = {isa = PBXBuildFile; fileRef = F06BE3C61EB3A31200E4DF9D /* LSGameViewController.m */; };
		F06BE3C91EB3A43400E4DF9D /* head.png in Resources */ = {isa = PBXBuildFile; fileRef = F06BE3C81EB3A43400E4DF9D /* head.png */; };
		F06BE3CC1EB3AEB300E4DF9D /* LSTileCollectionViewCell.m in Sources */ = {isa = PBXBuildFile; fileRef = F06BE3CB1EB3AEB300E4DF9D /* LSTileCollectionViewCell.m */; };
/* End PBXBuildFile section */

/* Begin PBXFileReference section */
		F06BE3681EAA674900E4DF9D /* TileGame.app */ = {isa = PBXFileReference; explicitFileType = wrapper.application; includeInIndex = 0; path = TileGame.app; sourceTree = BUILT_PRODUCTS_DIR; };
		F06BE36C1EAA674900E4DF9D /* main.m */ = {isa = PBXFileReference; lastKnownFileType = sourcecode.c.objc; path = main.m; sourceTree = "<group>"; };
		F06BE36E1EAA674900E4DF9D /* AppDelegate.h */ = {isa = PBXFileReference; lastKnownFileType = sourcecode.c.h; path = AppDelegate.h; sourceTree = "<group>"; };
		F06BE36F1EAA674900E4DF9D /* AppDelegate.m */ = {isa = PBXFileReference; lastKnownFileType = sourcecode.c.objc; path = AppDelegate.m; sourceTree = "<group>"; };
		F06BE3751EAA674900E4DF9D /* Base */ = {isa = PBXFileReference; lastKnownFileType = file.storyboard; name = Base; path = Base.lproj/Main.storyboard; sourceTree = "<group>"; };
		F06BE3771EAA674900E4DF9D /* Assets.xcassets */ = {isa = PBXFileReference; lastKnownFileType = folder.assetcatalog; path = Assets.xcassets; sourceTree = "<group>"; };
		F06BE37A1EAA674900E4DF9D /* Base */ = {isa = PBXFileReference; lastKnownFileType = file.storyboard; name = Base; path = Base.lproj/LaunchScreen.storyboard; sourceTree = "<group>"; };
		F06BE37C1EAA674900E4DF9D /* Info.plist */ = {isa = PBXFileReference; lastKnownFileType = text.plist.xml; path = Info.plist; sourceTree = "<group>"; };
		F06BE3851EAA67B900E4DF9D /* LSLoginViewController.h */ = {isa = PBXFileReference; fileEncoding = 4; lastKnownFileType = sourcecode.c.h; path = LSLoginViewController.h; sourceTree = "<group>"; };
		F06BE3861EAA67B900E4DF9D /* LSLoginViewController.m */ = {isa = PBXFileReference; fileEncoding = 4; lastKnownFileType = sourcecode.c.objc; path = LSLoginViewController.m; sourceTree = "<group>"; };
		F06BE38B1EAA694000E4DF9D /* LSOptionsViewController.h */ = {isa = PBXFileReference; fileEncoding = 4; lastKnownFileType = sourcecode.c.h; path = LSOptionsViewController.h; sourceTree = "<group>"; };
		F06BE38C1EAA694000E4DF9D /* LSOptionsViewController.m */ = {isa = PBXFileReference; fileEncoding = 4; lastKnownFileType = sourcecode.c.objc; path = LSOptionsViewController.m; sourceTree = "<group>"; };
		F06BE38E1EAA6B7800E4DF9D /* LSUser.h */ = {isa = PBXFileReference; fileEncoding = 4; lastKnownFileType = sourcecode.c.h; path = LSUser.h; sourceTree = "<group>"; };
		F06BE38F1EAA6B7800E4DF9D /* LSUser.m */ = {isa = PBXFileReference; fileEncoding = 4; lastKnownFileType = sourcecode.c.objc; path = LSUser.m; sourceTree = "<group>"; };
		F06BE3911EAA6BB300E4DF9D /* LSGame.h */ = {isa = PBXFileReference; fileEncoding = 4; lastKnownFileType = sourcecode.c.h; path = LSGame.h; sourceTree = "<group>"; };
		F06BE3921EAA6BB300E4DF9D /* LSGame.m */ = {isa = PBXFileReference; fileEncoding = 4; lastKnownFileType = sourcecode.c.objc; path = LSGame.m; sourceTree = "<group>"; };
		F06BE3941EAA6BF300E4DF9D /* LSResult.h */ = {isa = PBXFileReference; fileEncoding = 4; lastKnownFileType = sourcecode.c.h; path = LSResult.h; sourceTree = "<group>"; };
		F06BE3951EAA6BF300E4DF9D /* LSResult.m */ = {isa = PBXFileReference; fileEncoding = 4; lastKnownFileType = sourcecode.c.objc; path = LSResult.m; sourceTree = "<group>"; };
		F06BE3971EAA6E5C00E4DF9D /* LSTile.h */ = {isa = PBXFileReference; fileEncoding = 4; lastKnownFileType = sourcecode.c.h; path = LSTile.h; sourceTree = "<group>"; };
		F06BE3981EAA6E5C00E4DF9D /* LSTile.m */ = {isa = PBXFileReference; fileEncoding = 4; lastKnownFileType = sourcecode.c.objc; path = LSTile.m; sourceTree = "<group>"; };
		F06BE39A1EAA730200E4DF9D /* LSDataProvider.h */ = {isa = PBXFileReference; fileEncoding = 4; lastKnownFileType = sourcecode.c.h; path = LSDataProvider.h; sourceTree = "<group>"; };
		F06BE39B1EAA730200E4DF9D /* LSDataProvider.m */ = {isa = PBXFileReference; fileEncoding = 4; lastKnownFileType = sourcecode.c.objc; path = LSDataProvider.m; sourceTree = "<group>"; };
		F06BE39E1EAA7C2D00E4DF9D /* LSButtonTableViewCell.h */ = {isa = PBXFileReference; fileEncoding = 4; lastKnownFileType = sourcecode.c.h; path = LSButtonTableViewCell.h; sourceTree = "<group>"; };
		F06BE39F1EAA7C2D00E4DF9D /* LSButtonTableViewCell.m */ = {isa = PBXFileReference; fileEncoding = 4; lastKnownFileType = sourcecode.c.objc; path = LSButtonTableViewCell.m; sourceTree = "<group>"; };
		F06BE3C51EB3A31200E4DF9D /* LSGameViewController.h */ = {isa = PBXFileReference; fileEncoding = 4; lastKnownFileType = sourcecode.c.h; path = LSGameViewController.h; sourceTree = "<group>"; };
		F06BE3C61EB3A31200E4DF9D /* LSGameViewController.m */ = {isa = PBXFileReference; fileEncoding = 4; lastKnownFileType = sourcecode.c.objc; path = LSGameViewController.m; sourceTree = "<group>"; };
		F06BE3C81EB3A43400E4DF9D /* head.png */ = {isa = PBXFileReference; lastKnownFileType = image.png; name = head.png; path = ../../../../../../../Downloads/head.png; sourceTree = "<group>"; };
		F06BE3CA1EB3AEB300E4DF9D /* LSTileCollectionViewCell.h */ = {isa = PBXFileReference; fileEncoding = 4; lastKnownFileType = sourcecode.c.h; path = LSTileCollectionViewCell.h; sourceTree = "<group>"; };
		F06BE3CB1EB3AEB300E4DF9D /* LSTileCollectionViewCell.m */ = {isa = PBXFileReference; fileEncoding = 4; lastKnownFileType = sourcecode.c.objc; path = LSTileCollectionViewCell.m; sourceTree = "<group>"; };
/* End PBXFileReference section */

/* Begin PBXFrameworksBuildPhase section */
		F06BE3651EAA674900E4DF9D /* Frameworks */ = {
			isa = PBXFrameworksBuildPhase;
			buildActionMask = 2147483647;
			files = (
			);
			runOnlyForDeploymentPostprocessing = 0;
		};
/* End PBXFrameworksBuildPhase section */

/* Begin PBXGroup section */
		F06BE35F1EAA674900E4DF9D = {
			isa = PBXGroup;
			children = (
				F06BE36A1EAA674900E4DF9D /* TileGame */,
				F06BE3691EAA674900E4DF9D /* Products */,
			);
			sourceTree = "<group>";
		};
		F06BE3691EAA674900E4DF9D /* Products */ = {
			isa = PBXGroup;
			children = (
				F06BE3681EAA674900E4DF9D /* TileGame.app */,
			);
			name = Products;
			sourceTree = "<group>";
		};
		F06BE36A1EAA674900E4DF9D /* TileGame */ = {
			isa = PBXGroup;
			children = (
				F06BE39D1EAA7C0C00E4DF9D /* CustomViews */,
				F06BE3841EAA675900E4DF9D /* Modules */,
				F06BE3831EAA675400E4DF9D /* AppFiles */,
				F06BE3821EAA674F00E4DF9D /* Models */,
				F06BE36B1EAA674900E4DF9D /* Supporting Files */,
			);
			path = TileGame;
			sourceTree = "<group>";
		};
		F06BE36B1EAA674900E4DF9D /* Supporting Files */ = {
			isa = PBXGroup;
			children = (
				F06BE36C1EAA674900E4DF9D /* main.m */,
			);
			name = "Supporting Files";
			sourceTree = "<group>";
		};
		F06BE3821EAA674F00E4DF9D /* Models */ = {
			isa = PBXGroup;
			children = (
				F06BE38E1EAA6B7800E4DF9D /* LSUser.h */,
				F06BE38F1EAA6B7800E4DF9D /* LSUser.m */,
				F06BE3911EAA6BB300E4DF9D /* LSGame.h */,
				F06BE3921EAA6BB300E4DF9D /* LSGame.m */,
				F06BE3941EAA6BF300E4DF9D /* LSResult.h */,
				F06BE3951EAA6BF300E4DF9D /* LSResult.m */,
				F06BE3971EAA6E5C00E4DF9D /* LSTile.h */,
				F06BE3981EAA6E5C00E4DF9D /* LSTile.m */,
				F06BE39A1EAA730200E4DF9D /* LSDataProvider.h */,
				F06BE39B1EAA730200E4DF9D /* LSDataProvider.m */,
			);
			name = Models;
			sourceTree = "<group>";
		};
		F06BE3831EAA675400E4DF9D /* AppFiles */ = {
			isa = PBXGroup;
			children = (
				F06BE3C81EB3A43400E4DF9D /* head.png */,
				F06BE36E1EAA674900E4DF9D /* AppDelegate.h */,
				F06BE36F1EAA674900E4DF9D /* AppDelegate.m */,
				F06BE3741EAA674900E4DF9D /* Main.storyboard */,
				F06BE3771EAA674900E4DF9D /* Assets.xcassets */,
				F06BE3791EAA674900E4DF9D /* LaunchScreen.storyboard */,
				F06BE37C1EAA674900E4DF9D /* Info.plist */,
			);
			name = AppFiles;
			sourceTree = "<group>";
		};
		F06BE3841EAA675900E4DF9D /* Modules */ = {
			isa = PBXGroup;
			children = (
				F06BE3851EAA67B900E4DF9D /* LSLoginViewController.h */,
				F06BE3861EAA67B900E4DF9D /* LSLoginViewController.m */,
				F06BE38B1EAA694000E4DF9D /* LSOptionsViewController.h */,
				F06BE38C1EAA694000E4DF9D /* LSOptionsViewController.m */,
				F06BE3C51EB3A31200E4DF9D /* LSGameViewController.h */,
				F06BE3C61EB3A31200E4DF9D /* LSGameViewController.m */,
			);
			name = Modules;
			sourceTree = "<group>";
		};
		F06BE39D1EAA7C0C00E4DF9D /* CustomViews */ = {
			isa = PBXGroup;
			children = (
				F06BE39E1EAA7C2D00E4DF9D /* LSButtonTableViewCell.h */,
				F06BE39F1EAA7C2D00E4DF9D /* LSButtonTableViewCell.m */,
				F06BE3CA1EB3AEB300E4DF9D /* LSTileCollectionViewCell.h */,
				F06BE3CB1EB3AEB300E4DF9D /* LSTileCollectionViewCell.m */,
			);
			name = CustomViews;
			sourceTree = "<group>";
		};
/* End PBXGroup section */

/* Begin PBXNativeTarget section */
		F06BE3671EAA674900E4DF9D /* TileGame */ = {
			isa = PBXNativeTarget;
			buildConfigurationList = F06BE37F1EAA674900E4DF9D /* Build configuration list for PBXNativeTarget "TileGame" */;
			buildPhases = (
				F06BE3641EAA674900E4DF9D /* Sources */,
				F06BE3651EAA674900E4DF9D /* Frameworks */,
				F06BE3661EAA674900E4DF9D /* Resources */,
			);
			buildRules = (
			);
			dependencies = (
			);
			name = TileGame;
			productName = TileGame;
			productReference = F06BE3681EAA674900E4DF9D /* TileGame.app */;
			productType = "com.apple.product-type.application";
		};
/* End PBXNativeTarget section */

/* Begin PBXProject section */
		F06BE3601EAA674900E4DF9D /* Project object */ = {
			isa = PBXProject;
			attributes = {
				LastUpgradeCheck = 0820;
				ORGANIZATIONNAME = LemonSchool;
				TargetAttributes = {
					F06BE3671EAA674900E4DF9D = {
						CreatedOnToolsVersion = 8.2.1;
						ProvisioningStyle = Automatic;
					};
				};
			};
			buildConfigurationList = F06BE3631EAA674900E4DF9D /* Build configuration list for PBXProject "TileGame" */;
			compatibilityVersion = "Xcode 3.2";
			developmentRegion = English;
			hasScannedForEncodings = 0;
			knownRegions = (
				en,
				Base,
			);
			mainGroup = F06BE35F1EAA674900E4DF9D;
			productRefGroup = F06BE3691EAA674900E4DF9D /* Products */;
			projectDirPath = "";
			projectRoot = "";
			targets = (
				F06BE3671EAA674900E4DF9D /* TileGame */,
			);
		};
/* End PBXProject section */

/* Begin PBXResourcesBuildPhase section */
		F06BE3661EAA674900E4DF9D /* Resources */ = {
			isa = PBXResourcesBuildPhase;
			buildActionMask = 2147483647;
			files = (
				F06BE37B1EAA674900E4DF9D /* LaunchScreen.storyboard in Resources */,
				F06BE3C91EB3A43400E4DF9D /* head.png in Resources */,
				F06BE3781EAA674900E4DF9D /* Assets.xcassets in Resources */,
				F06BE3761EAA674900E4DF9D /* Main.storyboard in Resources */,
			);
			runOnlyForDeploymentPostprocessing = 0;
		};
/* End PBXResourcesBuildPhase section */

/* Begin PBXSourcesBuildPhase section */
		F06BE3641EAA674900E4DF9D /* Sources */ = {
			isa = PBXSourcesBuildPhase;
			buildActionMask = 2147483647;
			files = (
				F06BE3991EAA6E5C00E4DF9D /* LSTile.m in Sources */,
				F06BE3CC1EB3AEB300E4DF9D /* LSTileCollectionViewCell.m in Sources */,
				F06BE3871EAA67B900E4DF9D /* LSLoginViewController.m in Sources */,
				F06BE3A01EAA7C2D00E4DF9D /* LSButtonTableViewCell.m in Sources */,
				F06BE3701EAA674900E4DF9D /* AppDelegate.m in Sources */,
				F06BE3C71EB3A31200E4DF9D /* LSGameViewController.m in Sources */,
				F06BE38D1EAA694000E4DF9D /* LSOptionsViewController.m in Sources */,
				F06BE39C1EAA730200E4DF9D /* LSDataProvider.m in Sources */,
				F06BE36D1EAA674900E4DF9D /* main.m in Sources */,
				F06BE3961EAA6BF300E4DF9D /* LSResult.m in Sources */,
				F06BE3931EAA6BB300E4DF9D /* LSGame.m in Sources */,
				F06BE3901EAA6B7800E4DF9D /* LSUser.m in Sources */,
			);
			runOnlyForDeploymentPostprocessing = 0;
		};
/* End PBXSourcesBuildPhase section */

/* Begin PBXVariantGroup section */
		F06BE3741EAA674900E4DF9D /* Main.storyboard */ = {
			isa = PBXVariantGroup;
			children = (
				F06BE3751EAA674900E4DF9D /* Base */,
			);
			name = Main.storyboard;
			sourceTree = "<group>";
		};
		F06BE3791EAA674900E4DF9D /* LaunchScreen.storyboard */ = {
			isa = PBXVariantGroup;
			children = (
				F06BE37A1EAA674900E4DF9D /* Base */,
			);
			name = LaunchScreen.storyboard;
			sourceTree = "<group>";
		};
/* End PBXVariantGroup section */

/* Begin XCBuildConfiguration section */
		F06BE37D1EAA674900E4DF9D /* Debug */ = {
			isa = XCBuildConfiguration;
			buildSettings = {
				ALWAYS_SEARCH_USER_PATHS = NO;
				CLANG_ANALYZER_NONNULL = YES;
				CLANG_CXX_LANGUAGE_STANDARD = "gnu++0x";
				CLANG_CXX_LIBRARY = "libc++";
				CLANG_ENABLE_MODULES = YES;
				CLANG_ENABLE_OBJC_ARC = YES;
				CLANG_WARN_BOOL_CONVERSION = YES;
				CLANG_WARN_CONSTANT_CONVERSION = YES;
				CLANG_WARN_DIRECT_OBJC_ISA_USAGE = YES_ERROR;
				CLANG_WARN_DOCUMENTATION_COMMENTS = YES;
				CLANG_WARN_EMPTY_BODY = YES;
				CLANG_WARN_ENUM_CONVERSION = YES;
				CLANG_WARN_INFINITE_RECURSION = YES;
				CLANG_WARN_INT_CONVERSION = YES;
				CLANG_WARN_OBJC_ROOT_CLASS = YES_ERROR;
				CLANG_WARN_SUSPICIOUS_MOVE = YES;
				CLANG_WARN_UNREACHABLE_CODE = YES;
				CLANG_WARN__DUPLICATE_METHOD_MATCH = YES;
				"CODE_SIGN_IDENTITY[sdk=iphoneos*]" = "iPhone Developer";
				COPY_PHASE_STRIP = NO;
				DEBUG_INFORMATION_FORMAT = dwarf;
				ENABLE_STRICT_OBJC_MSGSEND = YES;
				ENABLE_TESTABILITY = YES;
				GCC_C_LANGUAGE_STANDARD = gnu99;
				GCC_DYNAMIC_NO_PIC = NO;
				GCC_NO_COMMON_BLOCKS = YES;
				GCC_OPTIMIZATION_LEVEL = 0;
				GCC_PREPROCESSOR_DEFINITIONS = (
					"DEBUG=1",
					"$(inherited)",
				);
				GCC_WARN_64_TO_32_BIT_CONVERSION = YES;
				GCC_WARN_ABOUT_RETURN_TYPE = YES_ERROR;
				GCC_WARN_UNDECLARED_SELECTOR = YES;
				GCC_WARN_UNINITIALIZED_AUTOS = YES_AGGRESSIVE;
				GCC_WARN_UNUSED_FUNCTION = YES;
				GCC_WARN_UNUSED_VARIABLE = YES;
				IPHONEOS_DEPLOYMENT_TARGET = 10.2;
				MTL_ENABLE_DEBUG_INFO = YES;
				ONLY_ACTIVE_ARCH = YES;
				SDKROOT = iphoneos;
			};
			name = Debug;
		};
		F06BE37E1EAA674900E4DF9D /* Release */ = {
			isa = XCBuildConfiguration;
			buildSettings = {
				ALWAYS_SEARCH_USER_PATHS = NO;
				CLANG_ANALYZER_NONNULL = YES;
				CLANG_CXX_LANGUAGE_STANDARD = "gnu++0x";
				CLANG_CXX_LIBRARY = "libc++";
				CLANG_ENABLE_MODULES = YES;
				CLANG_ENABLE_OBJC_ARC = YES;
				CLANG_WARN_BOOL_CONVERSION = YES;
				CLANG_WARN_CONSTANT_CONVERSION = YES;
				CLANG_WARN_DIRECT_OBJC_ISA_USAGE = YES_ERROR;
				CLANG_WARN_DOCUMENTATION_COMMENTS = YES;
				CLANG_WARN_EMPTY_BODY = YES;
				CLANG_WARN_ENUM_CONVERSION = YES;
				CLANG_WARN_INFINITE_RECURSION = YES;
				CLANG_WARN_INT_CONVERSION = YES;
				CLANG_WARN_OBJC_ROOT_CLASS = YES_ERROR;
				CLANG_WARN_SUSPICIOUS_MOVE = YES;
				CLANG_WARN_UNREACHABLE_CODE = YES;
				CLANG_WARN__DUPLICATE_METHOD_MATCH = YES;
				"CODE_SIGN_IDENTITY[sdk=iphoneos*]" = "iPhone Developer";
				COPY_PHASE_STRIP = NO;
				DEBUG_INFORMATION_FORMAT = "dwarf-with-dsym";
				ENABLE_NS_ASSERTIONS = NO;
				ENABLE_STRICT_OBJC_MSGSEND = YES;
				GCC_C_LANGUAGE_STANDARD = gnu99;
				GCC_NO_COMMON_BLOCKS = YES;
				GCC_WARN_64_TO_32_BIT_CONVERSION = YES;
				GCC_WARN_ABOUT_RETURN_TYPE = YES_ERROR;
				GCC_WARN_UNDECLARED_SELECTOR = YES;
				GCC_WARN_UNINITIALIZED_AUTOS = YES_AGGRESSIVE;
				GCC_WARN_UNUSED_FUNCTION = YES;
				GCC_WARN_UNUSED_VARIABLE = YES;
				IPHONEOS_DEPLOYMENT_TARGET = 10.2;
				MTL_ENABLE_DEBUG_INFO = NO;
				SDKROOT = iphoneos;
				VALIDATE_PRODUCT = YES;
			};
			name = Release;
		};
		F06BE3801EAA674900E4DF9D /* Debug */ = {
			isa = XCBuildConfiguration;
			buildSettings = {
				ASSETCATALOG_COMPILER_APPICON_NAME = AppIcon;
				INFOPLIST_FILE = TileGame/Info.plist;
				LD_RUNPATH_SEARCH_PATHS = "$(inherited) @executable_path/Frameworks";
				PRODUCT_BUNDLE_IDENTIFIER = com.ak.TileGame;
				PRODUCT_NAME = "$(TARGET_NAME)";
			};
			name = Debug;
		};
		F06BE3811EAA674900E4DF9D /* Release */ = {
			isa = XCBuildConfiguration;
			buildSettings = {
				ASSETCATALOG_COMPILER_APPICON_NAME = AppIcon;
				INFOPLIST_FILE = TileGame/Info.plist;
				LD_RUNPATH_SEARCH_PATHS = "$(inherited) @executable_path/Frameworks";
				PRODUCT_BUNDLE_IDENTIFIER = com.ak.TileGame;
				PRODUCT_NAME = "$(TARGET_NAME)";
			};
			name = Release;
		};
/* End XCBuildConfiguration section */

/* Begin XCConfigurationList section */
		F06BE3631EAA674900E4DF9D /* Build configuration list for PBXProject "TileGame" */ = {
			isa = XCConfigurationList;
			buildConfigurations = (
				F06BE37D1EAA674900E4DF9D /* Debug */,
				F06BE37E1EAA674900E4DF9D /* Release */,
			);
			defaultConfigurationIsVisible = 0;
			defaultConfigurationName = Release;
		};
		F06BE37F1EAA674900E4DF9D /* Build configuration list for PBXNativeTarget "TileGame" */ = {
			isa = XCConfigurationList;
			buildConfigurations = (
				F06BE3801EAA674900E4DF9D /* Debug */,
				F06BE3811EAA674900E4DF9D /* Release */,
			);
			defaultConfigurationIsVisible = 0;
			defaultConfigurationName = Release;
		};
/* End XCConfigurationList section */
	};
	rootObject = F06BE3601EAA674900E4DF9D /* Project object */;
}
